
Microsoft Visual Studio Solution File, Format Version 12.00
# Visual Studio 15
VisualStudioVersion = 15.0.28307.136
MinimumVisualStudioVersion = 10.0.40219.1
Project("{9A19103F-16F7-4668-BE54-9A1E7A4F7556}") = "Scoreboards", "Scoreboards\Scoreboards.csproj", "{4EBD8BEA-F59E-4DEE-B4DA-AB2BE9E3223E}"
EndProject
Project("{9A19103F-16F7-4668-BE54-9A1E7A4F7556}") = "Scoreboards.Data", "Scoreboards.Data\Scoreboards.Data.csproj", "{87116E9A-D2AF-4F24-AB48-F2B19306E8D5}"
EndProject
Project("{9A19103F-16F7-4668-BE54-9A1E7A4F7556}") = "Scoreboards.Services", "Scoreboard.Services\Scoreboards.Services.csproj", "{C1684B15-D539-4C05-A07E-A5629D9E707B}"
EndProject
Project("{9A19103F-16F7-4668-BE54-9A1E7A4F7556}") = "Scoreboards.UnitTests", "Scoreboards.UnitTests\Scoreboards.UnitTests.csproj", "{52C9EDF1-A20F-4523-8488-D1D51E887974}"
EndProject
Project("{9A19103F-16F7-4668-BE54-9A1E7A4F7556}") = "Scoreboards.FunctionalTests", "Scoreboards.FunctionalTests\Scoreboards.FunctionalTests.csproj", "{834B821C-6A0B-4137-90FF-527801F7C3B4}"
EndProject
Global
	GlobalSection(SolutionConfigurationPlatforms) = preSolution
		Debug|Any CPU = Debug|Any CPU
		Release|Any CPU = Release|Any CPU
	EndGlobalSection
	GlobalSection(ProjectConfigurationPlatforms) = postSolution
		{4EBD8BEA-F59E-4DEE-B4DA-AB2BE9E3223E}.Debug|Any CPU.ActiveCfg = Debug|Any CPU
		{4EBD8BEA-F59E-4DEE-B4DA-AB2BE9E3223E}.Debug|Any CPU.Build.0 = Debug|Any CPU
		{4EBD8BEA-F59E-4DEE-B4DA-AB2BE9E3223E}.Release|Any CPU.ActiveCfg = Release|Any CPU
		{4EBD8BEA-F59E-4DEE-B4DA-AB2BE9E3223E}.Release|Any CPU.Build.0 = Release|Any CPU
		{87116E9A-D2AF-4F24-AB48-F2B19306E8D5}.Debug|Any CPU.ActiveCfg = Debug|Any CPU
		{87116E9A-D2AF-4F24-AB48-F2B19306E8D5}.Debug|Any CPU.Build.0 = Debug|Any CPU
		{87116E9A-D2AF-4F24-AB48-F2B19306E8D5}.Release|Any CPU.ActiveCfg = Release|Any CPU
		{87116E9A-D2AF-4F24-AB48-F2B19306E8D5}.Release|Any CPU.Build.0 = Release|Any CPU
		{C1684B15-D539-4C05-A07E-A5629D9E707B}.Debug|Any CPU.ActiveCfg = Debug|Any CPU
		{C1684B15-D539-4C05-A07E-A5629D9E707B}.Debug|Any CPU.Build.0 = Debug|Any CPU
		{C1684B15-D539-4C05-A07E-A5629D9E707B}.Release|Any CPU.ActiveCfg = Release|Any CPU
		{C1684B15-D539-4C05-A07E-A5629D9E707B}.Release|Any CPU.Build.0 = Release|Any CPU
		{52C9EDF1-A20F-4523-8488-D1D51E887974}.Debug|Any CPU.ActiveCfg = Debug|Any CPU
		{52C9EDF1-A20F-4523-8488-D1D51E887974}.Debug|Any CPU.Build.0 = Debug|Any CPU
		{52C9EDF1-A20F-4523-8488-D1D51E887974}.Release|Any CPU.ActiveCfg = Release|Any CPU
		{52C9EDF1-A20F-4523-8488-D1D51E887974}.Release|Any CPU.Build.0 = Release|Any CPU
		{834B821C-6A0B-4137-90FF-527801F7C3B4}.Debug|Any CPU.ActiveCfg = Debug|Any CPU
		{834B821C-6A0B-4137-90FF-527801F7C3B4}.Debug|Any CPU.Build.0 = Debug|Any CPU
		{834B821C-6A0B-4137-90FF-527801F7C3B4}.Release|Any CPU.ActiveCfg = Release|Any CPU
		{834B821C-6A0B-4137-90FF-527801F7C3B4}.Release|Any CPU.Build.0 = Release|Any CPU
	EndGlobalSection
	GlobalSection(SolutionProperties) = preSolution
		HideSolutionNode = FALSE
	EndGlobalSection
	GlobalSection(ExtensibilityGlobals) = postSolution
		SolutionGuid = {16B42315-F892-4F27-8EE1-C16DE65CEF23}
	EndGlobalSection
EndGlobal
